
Microsoft Visual Studio Solution File, Format Version 12.00
# Visual Studio Version 17
VisualStudioVersion = 17.14.36623.8 d17.14
MinimumVisualStudioVersion = 10.0.40219.1
Project("{FAE04EC0-301F-11D3-BF4B-00C04F79EFBC}") = "SMTPConfiguration", "SMTPConfiguration\SMTPConfiguration.csproj", "{427476D2-CFA6-4EFD-AD82-356EBA613B48}"
EndProject
Global
	GlobalSection(SolutionConfigurationPlatforms) = preSolution
		Debug|Any CPU = Debug|Any CPU
		Release|Any CPU = Release|Any CPU
	EndGlobalSection
	GlobalSection(ProjectConfigurationPlatforms) = postSolution
		{427476D2-CFA6-4EFD-AD82-356EBA613B48}.Debug|Any CPU.ActiveCfg = Debug|Any CPU
		{427476D2-CFA6-4EFD-AD82-356EBA613B48}.Debug|Any CPU.Build.0 = Debug|Any CPU
		{427476D2-CFA6-4EFD-AD82-356EBA613B48}.Release|Any CPU.ActiveCfg = Release|Any CPU
		{427476D2-CFA6-4EFD-AD82-356EBA613B48}.Release|Any CPU.Build.0 = Release|Any CPU
	EndGlobalSection
	GlobalSection(SolutionProperties) = preSolution
		HideSolutionNode = FALSE
	EndGlobalSection
	GlobalSection(ExtensibilityGlobals) = postSolution
		SolutionGuid = {B0CA975A-8A49-4275-B92C-DD9798113D5D}
	EndGlobalSection
EndGlobal
